
Microsoft Visual Studio Solution File, Format Version 12.00
# Visual Studio 2012
Project("{FAE04EC0-301F-11D3-BF4B-00C04F79EFBC}") = "ZReader", "ZReader\ZReader.csproj", "{04A6366B-9282-4A40-BCFE-D5474067EED6}"
EndProject
Project("{FAE04EC0-301F-11D3-BF4B-00C04F79EFBC}") = "CustomControls", "CustomControls\CustomControls.csproj", "{6305AB5E-C6EF-41EB-BAA8-B642EE7A4325}"
EndProject
Project("{FAE04EC0-301F-11D3-BF4B-00C04F79EFBC}") = "Util", "Util\Util.csproj", "{18D3990F-1C88-4109-B4B0-1DDE6DC053F8}"
EndProject
Global
	GlobalSection(SolutionConfigurationPlatforms) = preSolution
		Debug|Any CPU = Debug|Any CPU
		Release|Any CPU = Release|Any CPU
	EndGlobalSection
	GlobalSection(ProjectConfigurationPlatforms) = postSolution
		{04A6366B-9282-4A40-BCFE-D5474067EED6}.Debug|Any CPU.ActiveCfg = Debug|Any CPU
		{04A6366B-9282-4A40-BCFE-D5474067EED6}.Debug|Any CPU.Build.0 = Debug|Any CPU
		{04A6366B-9282-4A40-BCFE-D5474067EED6}.Release|Any CPU.ActiveCfg = Release|Any CPU
		{04A6366B-9282-4A40-BCFE-D5474067EED6}.Release|Any CPU.Build.0 = Release|Any CPU
		{6305AB5E-C6EF-41EB-BAA8-B642EE7A4325}.Debug|Any CPU.ActiveCfg = Debug|Any CPU
		{6305AB5E-C6EF-41EB-BAA8-B642EE7A4325}.Debug|Any CPU.Build.0 = Debug|Any CPU
		{6305AB5E-C6EF-41EB-BAA8-B642EE7A4325}.Release|Any CPU.ActiveCfg = Release|Any CPU
		{6305AB5E-C6EF-41EB-BAA8-B642EE7A4325}.Release|Any CPU.Build.0 = Release|Any CPU
		{18D3990F-1C88-4109-B4B0-1DDE6DC053F8}.Debug|Any CPU.ActiveCfg = Debug|Any CPU
		{18D3990F-1C88-4109-B4B0-1DDE6DC053F8}.Debug|Any CPU.Build.0 = Debug|Any CPU
		{18D3990F-1C88-4109-B4B0-1DDE6DC053F8}.Release|Any CPU.ActiveCfg = Release|Any CPU
		{18D3990F-1C88-4109-B4B0-1DDE6DC053F8}.Release|Any CPU.Build.0 = Release|Any CPU
	EndGlobalSection
	GlobalSection(SolutionProperties) = preSolution
		HideSolutionNode = FALSE
	EndGlobalSection
EndGlobal
